
Microsoft Visual Studio Solution File, Format Version 12.00
# Visual Studio Version 17
VisualStudioVersion = 17.0.31903.59
MinimumVisualStudioVersion = 10.0.40219.1
Project("{9A19103F-16F7-4668-BE54-9A1E7A4F7556}") = "AdventOfCode.Common", "src\AdventOfCode.Common\AdventOfCode.Common.csproj", "{DA46C3BE-B6CD-484E-874D-4C7CF3AC5A66}"
EndProject
Project("{2150E333-8FDC-42A3-9474-1A3956D46DE8}") = "Day1", "Day1", "{3C466B7B-F59D-4076-9CF4-4C052451DE99}"
EndProject
Project("{2150E333-8FDC-42A3-9474-1A3956D46DE8}") = "Day2", "Day2", "{B65CD093-9EB1-4946-8F47-4BBF9A4B1F15}"
EndProject
Project("{2150E333-8FDC-42A3-9474-1A3956D46DE8}") = "Day3", "Day3", "{73600042-0757-4F32-B2CB-AA0510BC0CF4}"
EndProject
Project("{2150E333-8FDC-42A3-9474-1A3956D46DE8}") = "Day4", "Day4", "{738E6E92-8EA9-4591-B6FE-2C19AF23A886}"
EndProject
Project("{2150E333-8FDC-42A3-9474-1A3956D46DE8}") = "Day5", "Day5", "{1CC58F12-C4CF-4547-A9E8-494B10E3A0B8}"
EndProject
Project("{9A19103F-16F7-4668-BE54-9A1E7A4F7556}") = "AdventOfCode.Day1", "src\2022\Day1\AdventOfCode.Day1\AdventOfCode.Day1.csproj", "{5CACE7CA-1AC0-4B73-B537-D6587225D781}"
EndProject
Project("{9A19103F-16F7-4668-BE54-9A1E7A4F7556}") = "AdventOfCode.Day2", "src\2022\Day2\AdventOfCode.Day2\AdventOfCode.Day2.csproj", "{CCA1329B-162C-4F8D-B69E-8AB892BD01FB}"
EndProject
Project("{9A19103F-16F7-4668-BE54-9A1E7A4F7556}") = "AdventOfCode.Day3", "src\2022\Day3\AdventOfCode.Day3\AdventOfCode.Day3.csproj", "{139A5C7E-9B10-45BB-A1BC-F2504458DD50}"
EndProject
Project("{9A19103F-16F7-4668-BE54-9A1E7A4F7556}") = "AdventOfCode.Day4", "src\2022\Day4\AdventOfCode.Day4\AdventOfCode.Day4.csproj", "{5A363D5D-84FF-4254-84E1-1D22A7CFC8E3}"
EndProject
Project("{9A19103F-16F7-4668-BE54-9A1E7A4F7556}") = "AdventOfCode.Day5", "src\2022\Day5\AdventOfCode.Day5\AdventOfCode.Day5.csproj", "{FF70682B-38E8-412D-AE96-230102006DA4}"
EndProject
Project("{9A19103F-16F7-4668-BE54-9A1E7A4F7556}") = "AdventOfCode.Day4.Tests", "src\2022\Day4\AdventOfCode.Day4.Tests\AdventOfCode.Day4.Tests.csproj", "{E1F9D25E-7046-4645-A65D-F388A382A03E}"
EndProject
Project("{9A19103F-16F7-4668-BE54-9A1E7A4F7556}") = "AdventOfCode.Day5.Tests", "src\2022\Day5\AdventOfCode.Day5.Tests\AdventOfCode.Day5.Tests.csproj", "{6952C5C5-0AB8-4406-98A5-571465E74632}"
EndProject
Project("{2150E333-8FDC-42A3-9474-1A3956D46DE8}") = "Day6", "Day6", "{FDE5BB2E-3EF5-4715-9769-326FB1D47B69}"
EndProject
Project("{FAE04EC0-301F-11D3-BF4B-00C04F79EFBC}") = "AdventOfCode.Day6", "src\2022\Day6\AdventOfCode.Day6\AdventOfCode.Day6.csproj", "{585F07FB-6196-406A-B47B-9F0E39C987D7}"
EndProject
Project("{FAE04EC0-301F-11D3-BF4B-00C04F79EFBC}") = "AdventOfCode.Day6.Tests", "src\2022\Day6\AdventOfCode.Day6.Tests\AdventOfCode.Day6.Tests.csproj", "{E5D1C5A8-176A-472A-986C-F274A133105E}"
EndProject
Global
	GlobalSection(SolutionConfigurationPlatforms) = preSolution
		Debug|Any CPU = Debug|Any CPU
		Release|Any CPU = Release|Any CPU
	EndGlobalSection
	GlobalSection(ProjectConfigurationPlatforms) = postSolution
		{DA46C3BE-B6CD-484E-874D-4C7CF3AC5A66}.Debug|Any CPU.ActiveCfg = Debug|Any CPU
		{DA46C3BE-B6CD-484E-874D-4C7CF3AC5A66}.Debug|Any CPU.Build.0 = Debug|Any CPU
		{DA46C3BE-B6CD-484E-874D-4C7CF3AC5A66}.Release|Any CPU.ActiveCfg = Release|Any CPU
		{DA46C3BE-B6CD-484E-874D-4C7CF3AC5A66}.Release|Any CPU.Build.0 = Release|Any CPU
		{5CACE7CA-1AC0-4B73-B537-D6587225D781}.Debug|Any CPU.ActiveCfg = Debug|Any CPU
		{5CACE7CA-1AC0-4B73-B537-D6587225D781}.Debug|Any CPU.Build.0 = Debug|Any CPU
		{5CACE7CA-1AC0-4B73-B537-D6587225D781}.Release|Any CPU.ActiveCfg = Release|Any CPU
		{5CACE7CA-1AC0-4B73-B537-D6587225D781}.Release|Any CPU.Build.0 = Release|Any CPU
		{CCA1329B-162C-4F8D-B69E-8AB892BD01FB}.Debug|Any CPU.ActiveCfg = Debug|Any CPU
		{CCA1329B-162C-4F8D-B69E-8AB892BD01FB}.Debug|Any CPU.Build.0 = Debug|Any CPU
		{CCA1329B-162C-4F8D-B69E-8AB892BD01FB}.Release|Any CPU.ActiveCfg = Release|Any CPU
		{CCA1329B-162C-4F8D-B69E-8AB892BD01FB}.Release|Any CPU.Build.0 = Release|Any CPU
		{139A5C7E-9B10-45BB-A1BC-F2504458DD50}.Debug|Any CPU.ActiveCfg = Debug|Any CPU
		{139A5C7E-9B10-45BB-A1BC-F2504458DD50}.Debug|Any CPU.Build.0 = Debug|Any CPU
		{139A5C7E-9B10-45BB-A1BC-F2504458DD50}.Release|Any CPU.ActiveCfg = Release|Any CPU
		{139A5C7E-9B10-45BB-A1BC-F2504458DD50}.Release|Any CPU.Build.0 = Release|Any CPU
		{5A363D5D-84FF-4254-84E1-1D22A7CFC8E3}.Debug|Any CPU.ActiveCfg = Debug|Any CPU
		{5A363D5D-84FF-4254-84E1-1D22A7CFC8E3}.Debug|Any CPU.Build.0 = Debug|Any CPU
		{5A363D5D-84FF-4254-84E1-1D22A7CFC8E3}.Release|Any CPU.ActiveCfg = Release|Any CPU
		{5A363D5D-84FF-4254-84E1-1D22A7CFC8E3}.Release|Any CPU.Build.0 = Release|Any CPU
		{FF70682B-38E8-412D-AE96-230102006DA4}.Debug|Any CPU.ActiveCfg = Debug|Any CPU
		{FF70682B-38E8-412D-AE96-230102006DA4}.Debug|Any CPU.Build.0 = Debug|Any CPU
		{FF70682B-38E8-412D-AE96-230102006DA4}.Release|Any CPU.ActiveCfg = Release|Any CPU
		{FF70682B-38E8-412D-AE96-230102006DA4}.Release|Any CPU.Build.0 = Release|Any CPU
		{E1F9D25E-7046-4645-A65D-F388A382A03E}.Debug|Any CPU.ActiveCfg = Debug|Any CPU
		{E1F9D25E-7046-4645-A65D-F388A382A03E}.Debug|Any CPU.Build.0 = Debug|Any CPU
		{E1F9D25E-7046-4645-A65D-F388A382A03E}.Release|Any CPU.ActiveCfg = Release|Any CPU
		{E1F9D25E-7046-4645-A65D-F388A382A03E}.Release|Any CPU.Build.0 = Release|Any CPU
		{6952C5C5-0AB8-4406-98A5-571465E74632}.Debug|Any CPU.ActiveCfg = Debug|Any CPU
		{6952C5C5-0AB8-4406-98A5-571465E74632}.Debug|Any CPU.Build.0 = Debug|Any CPU
		{6952C5C5-0AB8-4406-98A5-571465E74632}.Release|Any CPU.ActiveCfg = Release|Any CPU
		{6952C5C5-0AB8-4406-98A5-571465E74632}.Release|Any CPU.Build.0 = Release|Any CPU
		{585F07FB-6196-406A-B47B-9F0E39C987D7}.Debug|Any CPU.ActiveCfg = Debug|Any CPU
		{585F07FB-6196-406A-B47B-9F0E39C987D7}.Debug|Any CPU.Build.0 = Debug|Any CPU
		{585F07FB-6196-406A-B47B-9F0E39C987D7}.Release|Any CPU.ActiveCfg = Release|Any CPU
		{585F07FB-6196-406A-B47B-9F0E39C987D7}.Release|Any CPU.Build.0 = Release|Any CPU
		{E5D1C5A8-176A-472A-986C-F274A133105E}.Debug|Any CPU.ActiveCfg = Debug|Any CPU
		{E5D1C5A8-176A-472A-986C-F274A133105E}.Debug|Any CPU.Build.0 = Debug|Any CPU
		{E5D1C5A8-176A-472A-986C-F274A133105E}.Release|Any CPU.ActiveCfg = Release|Any CPU
		{E5D1C5A8-176A-472A-986C-F274A133105E}.Release|Any CPU.Build.0 = Release|Any CPU
	EndGlobalSection
	GlobalSection(SolutionProperties) = preSolution
		HideSolutionNode = FALSE
	EndGlobalSection
	GlobalSection(NestedProjects) = preSolution
		{5CACE7CA-1AC0-4B73-B537-D6587225D781} = {3C466B7B-F59D-4076-9CF4-4C052451DE99}
		{CCA1329B-162C-4F8D-B69E-8AB892BD01FB} = {B65CD093-9EB1-4946-8F47-4BBF9A4B1F15}
		{139A5C7E-9B10-45BB-A1BC-F2504458DD50} = {73600042-0757-4F32-B2CB-AA0510BC0CF4}
		{5A363D5D-84FF-4254-84E1-1D22A7CFC8E3} = {738E6E92-8EA9-4591-B6FE-2C19AF23A886}
		{FF70682B-38E8-412D-AE96-230102006DA4} = {1CC58F12-C4CF-4547-A9E8-494B10E3A0B8}
		{E1F9D25E-7046-4645-A65D-F388A382A03E} = {738E6E92-8EA9-4591-B6FE-2C19AF23A886}
		{6952C5C5-0AB8-4406-98A5-571465E74632} = {1CC58F12-C4CF-4547-A9E8-494B10E3A0B8}
		{585F07FB-6196-406A-B47B-9F0E39C987D7} = {FDE5BB2E-3EF5-4715-9769-326FB1D47B69}
		{E5D1C5A8-176A-472A-986C-F274A133105E} = {FDE5BB2E-3EF5-4715-9769-326FB1D47B69}
	EndGlobalSection
	GlobalSection(ExtensibilityGlobals) = postSolution
		SolutionGuid = {7E969A6A-1175-4410-B0C5-F2E754E393C7}
	EndGlobalSection
EndGlobal
